
Microsoft Visual Studio Solution File, Format Version 12.00
# Visual Studio 15
VisualStudioVersion = 15.0.26124.0
MinimumVisualStudioVersion = 15.0.26124.0
Project("{2150E333-8FDC-42A3-9474-1A3956D46DE8}") = "src", "src", "{F01B3267-1409-4E18-A342-E26128434832}"
EndProject
Project("{FAE04EC0-301F-11D3-BF4B-00C04F79EFBC}") = "Tutorial", "src\Tutorial\Tutorial.csproj", "{EC3EEE35-B16B-4345-BBA1-8A02B738AE50}"
EndProject
Project("{2150E333-8FDC-42A3-9474-1A3956D46DE8}") = "tests", "tests", "{3B426A37-106A-481C-B400-CEBB9B994443}"
EndProject
Project("{FAE04EC0-301F-11D3-BF4B-00C04F79EFBC}") = "Tutorial.Tests", "tests\Tutorial.Tests\Tutorial.Tests.csproj", "{463AA085-8B77-4EC9-B581-AD344F56E22B}"
EndProject
Global
	GlobalSection(SolutionConfigurationPlatforms) = preSolution
		Debug|Any CPU = Debug|Any CPU
		Debug|x64 = Debug|x64
		Debug|x86 = Debug|x86
		Release|Any CPU = Release|Any CPU
		Release|x64 = Release|x64
		Release|x86 = Release|x86
	EndGlobalSection
	GlobalSection(SolutionProperties) = preSolution
		HideSolutionNode = FALSE
	EndGlobalSection
	GlobalSection(ProjectConfigurationPlatforms) = postSolution
		{EC3EEE35-B16B-4345-BBA1-8A02B738AE50}.Debug|Any CPU.ActiveCfg = Debug|Any CPU
		{EC3EEE35-B16B-4345-BBA1-8A02B738AE50}.Debug|Any CPU.Build.0 = Debug|Any CPU
		{EC3EEE35-B16B-4345-BBA1-8A02B738AE50}.Debug|x64.ActiveCfg = Debug|Any CPU
		{EC3EEE35-B16B-4345-BBA1-8A02B738AE50}.Debug|x64.Build.0 = Debug|Any CPU
		{EC3EEE35-B16B-4345-BBA1-8A02B738AE50}.Debug|x86.ActiveCfg = Debug|Any CPU
		{EC3EEE35-B16B-4345-BBA1-8A02B738AE50}.Debug|x86.Build.0 = Debug|Any CPU
		{EC3EEE35-B16B-4345-BBA1-8A02B738AE50}.Release|Any CPU.ActiveCfg = Release|Any CPU
		{EC3EEE35-B16B-4345-BBA1-8A02B738AE50}.Release|Any CPU.Build.0 = Release|Any CPU
		{EC3EEE35-B16B-4345-BBA1-8A02B738AE50}.Release|x64.ActiveCfg = Release|Any CPU
		{EC3EEE35-B16B-4345-BBA1-8A02B738AE50}.Release|x64.Build.0 = Release|Any CPU
		{EC3EEE35-B16B-4345-BBA1-8A02B738AE50}.Release|x86.ActiveCfg = Release|Any CPU
		{EC3EEE35-B16B-4345-BBA1-8A02B738AE50}.Release|x86.Build.0 = Release|Any CPU
		{463AA085-8B77-4EC9-B581-AD344F56E22B}.Debug|Any CPU.ActiveCfg = Debug|Any CPU
		{463AA085-8B77-4EC9-B581-AD344F56E22B}.Debug|Any CPU.Build.0 = Debug|Any CPU
		{463AA085-8B77-4EC9-B581-AD344F56E22B}.Debug|x64.ActiveCfg = Debug|Any CPU
		{463AA085-8B77-4EC9-B581-AD344F56E22B}.Debug|x64.Build.0 = Debug|Any CPU
		{463AA085-8B77-4EC9-B581-AD344F56E22B}.Debug|x86.ActiveCfg = Debug|Any CPU
		{463AA085-8B77-4EC9-B581-AD344F56E22B}.Debug|x86.Build.0 = Debug|Any CPU
		{463AA085-8B77-4EC9-B581-AD344F56E22B}.Release|Any CPU.ActiveCfg = Release|Any CPU
		{463AA085-8B77-4EC9-B581-AD344F56E22B}.Release|Any CPU.Build.0 = Release|Any CPU
		{463AA085-8B77-4EC9-B581-AD344F56E22B}.Release|x64.ActiveCfg = Release|Any CPU
		{463AA085-8B77-4EC9-B581-AD344F56E22B}.Release|x64.Build.0 = Release|Any CPU
		{463AA085-8B77-4EC9-B581-AD344F56E22B}.Release|x86.ActiveCfg = Release|Any CPU
		{463AA085-8B77-4EC9-B581-AD344F56E22B}.Release|x86.Build.0 = Release|Any CPU
	EndGlobalSection
	GlobalSection(NestedProjects) = preSolution
		{EC3EEE35-B16B-4345-BBA1-8A02B738AE50} = {F01B3267-1409-4E18-A342-E26128434832}
		{463AA085-8B77-4EC9-B581-AD344F56E22B} = {3B426A37-106A-481C-B400-CEBB9B994443}
	EndGlobalSection
EndGlobal
